
Microsoft Visual Studio Solution File, Format Version 12.00
# Visual Studio 15
VisualStudioVersion = 15.0.28307.1758
MinimumVisualStudioVersion = 10.0.40219.1
Project("{FAE04EC0-301F-11D3-BF4B-00C04F79EFBC}") = "diziler", "diziler.csproj", "{DDFF58F6-8146-4983-96F7-F8DF59099644}"
EndProject
Global
	GlobalSection(SolutionConfigurationPlatforms) = preSolution
		Debug|Any CPU = Debug|Any CPU
		Release|Any CPU = Release|Any CPU
	EndGlobalSection
	GlobalSection(ProjectConfigurationPlatforms) = postSolution
		{DDFF58F6-8146-4983-96F7-F8DF59099644}.Debug|Any CPU.ActiveCfg = Debug|Any CPU
		{DDFF58F6-8146-4983-96F7-F8DF59099644}.Debug|Any CPU.Build.0 = Debug|Any CPU
		{DDFF58F6-8146-4983-96F7-F8DF59099644}.Release|Any CPU.ActiveCfg = Release|Any CPU
		{DDFF58F6-8146-4983-96F7-F8DF59099644}.Release|Any CPU.Build.0 = Release|Any CPU
	EndGlobalSection
	GlobalSection(SolutionProperties) = preSolution
		HideSolutionNode = FALSE
	EndGlobalSection
	GlobalSection(ExtensibilityGlobals) = postSolution
		SolutionGuid = {CEBCEA83-8B11-4301-8810-69716C783ADA}
	EndGlobalSection
EndGlobal
